
Microsoft Visual Studio Solution File, Format Version 12.00
# Visual Studio Version 17
VisualStudioVersion = 17.0.32112.339
MinimumVisualStudioVersion = 10.0.40219.1
Project("{888888A0-9F3D-457C-B088-3A5042F75D52}") = "HamsterEnemyGen", "HamsterEnemyGen.pyproj", "{22B3382B-CD57-4C9A-91EA-F81FC51CD5E4}"
EndProject
Global
	GlobalSection(SolutionConfigurationPlatforms) = preSolution
		Debug|Any CPU = Debug|Any CPU
		Release|Any CPU = Release|Any CPU
	EndGlobalSection
	GlobalSection(ProjectConfigurationPlatforms) = postSolution
		{22B3382B-CD57-4C9A-91EA-F81FC51CD5E4}.Debug|Any CPU.ActiveCfg = Debug|Any CPU
		{22B3382B-CD57-4C9A-91EA-F81FC51CD5E4}.Release|Any CPU.ActiveCfg = Release|Any CPU
	EndGlobalSection
	GlobalSection(SolutionProperties) = preSolution
		HideSolutionNode = FALSE
	EndGlobalSection
	GlobalSection(ExtensibilityGlobals) = postSolution
		SolutionGuid = {83B7C53B-727F-4487-BB7E-FA9FA1870DA1}
	EndGlobalSection
EndGlobal
